{
  "name": "content-type-sync",
  "version": "1.0.0",
  "lockfileVersion": 2,
  "requires": true,
  "packages": {
    "": {
      "name": "content-type-sync",
      "version": "1.0.0",
      "license": "ISC",
      "dependencies": {
        "storyblok-js-client": "^5.11.0"
      }
    },
    "node_modules/storyblok-js-client": {
      "version": "5.12.1",
      "resolved": "https://registry.npmjs.org/storyblok-js-client/-/storyblok-js-client-5.12.1.tgz",
      "integrity": "sha512-8GH09+0TaZ7KgaMkYWMoI+ZgvYSgZUUq0P6UyDmEUrlmJZBmexPKCyKUtAyy6B6Re0uF29VZtl5E7x8ztcFlJw=="
    }
  },
  "dependencies": {
    "storyblok-js-client": {
      "version": "5.12.1",
      "resolved": "https://registry.npmjs.org/storyblok-js-client/-/storyblok-js-client-5.12.1.tgz",
      "integrity": "sha512-8GH09+0TaZ7KgaMkYWMoI+ZgvYSgZUUq0P6UyDmEUrlmJZBmexPKCyKUtAyy6B6Re0uF29VZtl5E7x8ztcFlJw=="
    }
  }
}
